
Microsoft Visual Studio Solution File, Format Version 12.00
# Visual Studio Version 17
VisualStudioVersion = 17.3.32929.385
MinimumVisualStudioVersion = 10.0.40219.1
Project("{FAE04EC0-301F-11D3-BF4B-00C04F79EFBC}") = "Test", "Test\Test.csproj", "{4F15881B-9084-4E96-B147-D5DBFF44082C}"
EndProject
Global
	GlobalSection(SolutionConfigurationPlatforms) = preSolution
		Debug|Any CPU = Debug|Any CPU
		Release|Any CPU = Release|Any CPU
	EndGlobalSection
	GlobalSection(ProjectConfigurationPlatforms) = postSolution
		{4F15881B-9084-4E96-B147-D5DBFF44082C}.Debug|Any CPU.ActiveCfg = Debug|Any CPU
		{4F15881B-9084-4E96-B147-D5DBFF44082C}.Debug|Any CPU.Build.0 = Debug|Any CPU
		{4F15881B-9084-4E96-B147-D5DBFF44082C}.Release|Any CPU.ActiveCfg = Release|Any CPU
		{4F15881B-9084-4E96-B147-D5DBFF44082C}.Release|Any CPU.Build.0 = Release|Any CPU
	EndGlobalSection
	GlobalSection(SolutionProperties) = preSolution
		HideSolutionNode = FALSE
	EndGlobalSection
	GlobalSection(ExtensibilityGlobals) = postSolution
		SolutionGuid = {2A4F885F-810A-47C7-A093-6800CB2B196F}
	EndGlobalSection
EndGlobal
